// !$*UTF8*$!
{
	archiveVersion = 1;
	classes = {
	};
	objectVersion = 50;
	objects = {

/* Begin PBXBuildFile section */
		8BEBAD99273EE23B00003914 /* AppDelegate.swift in Sources */ = {isa = PBXBuildFile; fileRef = 8BEBAD98273EE23B00003914 /* AppDelegate.swift */; };
		8BEBAD9B273EE23B00003914 /* SceneDelegate.swift in Sources */ = {isa = PBXBuildFile; fileRef = 8BEBAD9A273EE23B00003914 /* SceneDelegate.swift */; };
		8BEBAD9D273EE23B00003914 /* ViewController.swift in Sources */ = {isa = PBXBuildFile; fileRef = 8BEBAD9C273EE23B00003914 /* ViewController.swift */; };
		8BEBADA0273EE23B00003914 /* Main.storyboard in Resources */ = {isa = PBXBuildFile; fileRef = 8BEBAD9E273EE23B00003914 /* Main.storyboard */; };
		8BEBADA2273EE23C00003914 /* Assets.xcassets in Resources */ = {isa = PBXBuildFile; fileRef = 8BEBADA1273EE23C00003914 /* Assets.xcassets */; };
		8BEBADA5273EE23C00003914 /* LaunchScreen.storyboard in Resources */ = {isa = PBXBuildFile; fileRef = 8BEBADA3273EE23C00003914 /* LaunchScreen.storyboard */; };
		8BEBADB0273EE23C00003914 /* TipCalculatorTests.swift in Sources */ = {isa = PBXBuildFile; fileRef = 8BEBADAF273EE23C00003914 /* TipCalculatorTests.swift */; };
		8BEBADBB273EE23C00003914 /* TipCalculatorUITests.swift in Sources */ = {isa = PBXBuildFile; fileRef = 8BEBADBA273EE23C00003914 /* TipCalculatorUITests.swift */; };
/* End PBXBuildFile section */

/* Begin PBXContainerItemProxy section */
		8BEBADAC273EE23C00003914 /* PBXContainerItemProxy */ = {
			isa = PBXContainerItemProxy;
			containerPortal = 8BEBAD8D273EE23B00003914 /* Project object */;
			proxyType = 1;
			remoteGlobalIDString = 8BEBAD94273EE23B00003914;
			remoteInfo = TipCalculator;
		};
		8BEBADB7273EE23C00003914 /* PBXContainerItemProxy */ = {
			isa = PBXContainerItemProxy;
			containerPortal = 8BEBAD8D273EE23B00003914 /* Project object */;
			proxyType = 1;
			remoteGlobalIDString = 8BEBAD94273EE23B00003914;
			remoteInfo = TipCalculator;
		};
/* End PBXContainerItemProxy section */

/* Begin PBXFileReference section */
		8BEBAD95273EE23B00003914 /* TipCalculator.app */ = {isa = PBXFileReference; explicitFileType = wrapper.application; includeInIndex = 0; path = TipCalculator.app; sourceTree = BUILT_PRODUCTS_DIR; };
		8BEBAD98273EE23B00003914 /* AppDelegate.swift */ = {isa = PBXFileReference; lastKnownFileType = sourcecode.swift; path = AppDelegate.swift; sourceTree = "<group>"; };
		8BEBAD9A273EE23B00003914 /* SceneDelegate.swift */ = {isa = PBXFileReference; lastKnownFileType = sourcecode.swift; path = SceneDelegate.swift; sourceTree = "<group>"; };
		8BEBAD9C273EE23B00003914 /* ViewController.swift */ = {isa = PBXFileReference; lastKnownFileType = sourcecode.swift; path = ViewController.swift; sourceTree = "<group>"; };
		8BEBAD9F273EE23B00003914 /* Base */ = {isa = PBXFileReference; lastKnownFileType = file.storyboard; name = Base; path = Base.lproj/Main.storyboard; sourceTree = "<group>"; };
		8BEBADA1273EE23C00003914 /* Assets.xcassets */ = {isa = PBXFileReference; lastKnownFileType = folder.assetcatalog; path = Assets.xcassets; sourceTree = "<group>"; };
		8BEBADA4273EE23C00003914 /* Base */ = {isa = PBXFileReference; lastKnownFileType = file.storyboard; name = Base; path = Base.lproj/LaunchScreen.storyboard; sourceTree = "<group>"; };
		8BEBADA6273EE23C00003914 /* Info.plist */ = {isa = PBXFileReference; lastKnownFileType = text.plist.xml; path = Info.plist; sourceTree = "<group>"; };
		8BEBADAB273EE23C00003914 /* TipCalculatorTests.xctest */ = {isa = PBXFileReference; explicitFileType = wrapper.cfbundle; includeInIndex = 0; path = TipCalculatorTests.xctest; sourceTree = BUILT_PRODUCTS_DIR; };
		8BEBADAF273EE23C00003914 /* TipCalculatorTests.swift */ = {isa = PBXFileReference; lastKnownFileType = sourcecode.swift; path = TipCalculatorTests.swift; sourceTree = "<group>"; };
		8BEBADB1273EE23C00003914 /* Info.plist */ = {isa = PBXFileReference; lastKnownFileType = text.plist.xml; path = Info.plist; sourceTree = "<group>"; };
		8BEBADB6273EE23C00003914 /* TipCalculatorUITests.xctest */ = {isa = PBXFileReference; explicitFileType = wrapper.cfbundle; includeInIndex = 0; path = TipCalculatorUITests.xctest; sourceTree = BUILT_PRODUCTS_DIR; };
		8BEBADBA273EE23C00003914 /* TipCalculatorUITests.swift */ = {isa = PBXFileReference; lastKnownFileType = sourcecode.swift; path = TipCalculatorUITests.swift; sourceTree = "<group>"; };
		8BEBADBC273EE23C00003914 /* Info.plist */ = {isa = PBXFileReference; lastKnownFileType = text.plist.xml; path = Info.plist; sourceTree = "<group>"; };
/* End PBXFileReference section */

/* Begin PBXFrameworksBuildPhase section */
		8BEBAD92273EE23B00003914 /* Frameworks */ = {
			isa = PBXFrameworksBuildPhase;
			buildActionMask = 2147483647;
			files = (
			);
			runOnlyForDeploymentPostprocessing = 0;
		};
		8BEBADA8273EE23C00003914 /* Frameworks */ = {
			isa = PBXFrameworksBuildPhase;
			buildActionMask = 2147483647;
			files = (
			);
			runOnlyForDeploymentPostprocessing = 0;
		};
		8BEBADB3273EE23C00003914 /* Frameworks */ = {
			isa = PBXFrameworksBuildPhase;
			buildActionMask = 2147483647;
			files = (
			);
			runOnlyForDeploymentPostprocessing = 0;
		};
/* End PBXFrameworksBuildPhase section */

/* Begin PBXGroup section */
		8BEBAD8C273EE23B00003914 = {
			isa = PBXGroup;
			children = (
				8BEBAD97273EE23B00003914 /* TipCalculator */,
				8BEBADAE273EE23C00003914 /* TipCalculatorTests */,
				8BEBADB9273EE23C00003914 /* TipCalculatorUITests */,
				8BEBAD96273EE23B00003914 /* Products */,
			);
			sourceTree = "<group>";
		};
		8BEBAD96273EE23B00003914 /* Products */ = {
			isa = PBXGroup;
			children = (
				8BEBAD95273EE23B00003914 /* TipCalculator.app */,
				8BEBADAB273EE23C00003914 /* TipCalculatorTests.xctest */,
				8BEBADB6273EE23C00003914 /* TipCalculatorUITests.xctest */,
			);
			name = Products;
			sourceTree = "<group>";
		};
		8BEBAD97273EE23B00003914 /* TipCalculator */ = {
			isa = PBXGroup;
			children = (
				8BEBAD98273EE23B00003914 /* AppDelegate.swift */,
				8BEBAD9A273EE23B00003914 /* SceneDelegate.swift */,
				8BEBAD9C273EE23B00003914 /* ViewController.swift */,
				8BEBAD9E273EE23B00003914 /* Main.storyboard */,
				8BEBADA1273EE23C00003914 /* Assets.xcassets */,
				8BEBADA3273EE23C00003914 /* LaunchScreen.storyboard */,
				8BEBADA6273EE23C00003914 /* Info.plist */,
			);
			path = TipCalculator;
			sourceTree = "<group>";
		};
		8BEBADAE273EE23C00003914 /* TipCalculatorTests */ = {
			isa = PBXGroup;
			children = (
				8BEBADAF273EE23C00003914 /* TipCalculatorTests.swift */,
				8BEBADB1273EE23C00003914 /* Info.plist */,
			);
			path = TipCalculatorTests;
			sourceTree = "<group>";
		};
		8BEBADB9273EE23C00003914 /* TipCalculatorUITests */ = {
			isa = PBXGroup;
			children = (
				8BEBADBA273EE23C00003914 /* TipCalculatorUITests.swift */,
				8BEBADBC273EE23C00003914 /* Info.plist */,
			);
			path = TipCalculatorUITests;
			sourceTree = "<group>";
		};
/* End PBXGroup section */

/* Begin PBXNativeTarget section */
		8BEBAD94273EE23B00003914 /* TipCalculator */ = {
			isa = PBXNativeTarget;
			buildConfigurationList = 8BEBADBF273EE23C00003914 /* Build configuration list for PBXNativeTarget "TipCalculator" */;
			buildPhases = (
				8BEBAD91273EE23B00003914 /* Sources */,
				8BEBAD92273EE23B00003914 /* Frameworks */,
				8BEBAD93273EE23B00003914 /* Resources */,
			);
			buildRules = (
			);
			dependencies = (
			);
			name = TipCalculator;
			productName = TipCalculator;
			productReference = 8BEBAD95273EE23B00003914 /* TipCalculator.app */;
			productType = "com.apple.product-type.application";
		};
		8BEBADAA273EE23C00003914 /* TipCalculatorTests */ = {
			isa = PBXNativeTarget;
			buildConfigurationList = 8BEBADC2273EE23C00003914 /* Build configuration list for PBXNativeTarget "TipCalculatorTests" */;
			buildPhases = (
				8BEBADA7273EE23C00003914 /* Sources */,
				8BEBADA8273EE23C00003914 /* Frameworks */,
				8BEBADA9273EE23C00003914 /* Resources */,
			);
			buildRules = (
			);
			dependencies = (
				8BEBADAD273EE23C00003914 /* PBXTargetDependency */,
			);
			name = TipCalculatorTests;
			productName = TipCalculatorTests;
			productReference = 8BEBADAB273EE23C00003914 /* TipCalculatorTests.xctest */;
			productType = "com.apple.product-type.bundle.unit-test";
		};
		8BEBADB5273EE23C00003914 /* TipCalculatorUITests */ = {
			isa = PBXNativeTarget;
			buildConfigurationList = 8BEBADC5273EE23C00003914 /* Build configuration list for PBXNativeTarget "TipCalculatorUITests" */;
			buildPhases = (
				8BEBADB2273EE23C00003914 /* Sources */,
				8BEBADB3273EE23C00003914 /* Frameworks */,
				8BEBADB4273EE23C00003914 /* Resources */,
			);
			buildRules = (
			);
			dependencies = (
				8BEBADB8273EE23C00003914 /* PBXTargetDependency */,
			);
			name = TipCalculatorUITests;
			productName = TipCalculatorUITests;
			productReference = 8BEBADB6273EE23C00003914 /* TipCalculatorUITests.xctest */;
			productType = "com.apple.product-type.bundle.ui-testing";
		};
/* End PBXNativeTarget section */

/* Begin PBXProject section */
		8BEBAD8D273EE23B00003914 /* Project object */ = {
			isa = PBXProject;
			attributes = {
				LastSwiftUpdateCheck = 1240;
				LastUpgradeCheck = 1240;
				TargetAttributes = {
					8BEBAD94273EE23B00003914 = {
						CreatedOnToolsVersion = 12.4;
					};
					8BEBADAA273EE23C00003914 = {
						CreatedOnToolsVersion = 12.4;
						TestTargetID = 8BEBAD94273EE23B00003914;
					};
					8BEBADB5273EE23C00003914 = {
						CreatedOnToolsVersion = 12.4;
						TestTargetID = 8BEBAD94273EE23B00003914;
					};
				};
			};
			buildConfigurationList = 8BEBAD90273EE23B00003914 /* Build configuration list for PBXProject "TipCalculator" */;
			compatibilityVersion = "Xcode 9.3";
			developmentRegion = en;
			hasScannedForEncodings = 0;
			knownRegions = (
				en,
				Base,
			);
			mainGroup = 8BEBAD8C273EE23B00003914;
			productRefGroup = 8BEBAD96273EE23B00003914 /* Products */;
			projectDirPath = "";
			projectRoot = "";
			targets = (
				8BEBAD94273EE23B00003914 /* TipCalculator */,
				8BEBADAA273EE23C00003914 /* TipCalculatorTests */,
				8BEBADB5273EE23C00003914 /* TipCalculatorUITests */,
			);
		};
/* End PBXProject section */

/* Begin PBXResourcesBuildPhase section */
		8BEBAD93273EE23B00003914 /* Resources */ = {
			isa = PBXResourcesBuildPhase;
			buildActionMask = 2147483647;
			files = (
				8BEBADA5273EE23C00003914 /* LaunchScreen.storyboard in Resources */,
				8BEBADA2273EE23C00003914 /* Assets.xcassets in Resources */,
				8BEBADA0273EE23B00003914 /* Main.storyboard in Resources */,
			);
			runOnlyForDeploymentPostprocessing = 0;
		};
		8BEBADA9273EE23C00003914 /* Resources */ = {
			isa = PBXResourcesBuildPhase;
			buildActionMask = 2147483647;
			files = (
			);
			runOnlyForDeploymentPostprocessing = 0;
		};
		8BEBADB4273EE23C00003914 /* Resources */ = {
			isa = PBXResourcesBuildPhase;
			buildActionMask = 2147483647;
			files = (
			);
			runOnlyForDeploymentPostprocessing = 0;
		};
/* End PBXResourcesBuildPhase section */

/* Begin PBXSourcesBuildPhase section */
		8BEBAD91273EE23B00003914 /* Sources */ = {
			isa = PBXSourcesBuildPhase;
			buildActionMask = 2147483647;
			files = (
				8BEBAD9D273EE23B00003914 /* ViewController.swift in Sources */,
				8BEBAD99273EE23B00003914 /* AppDelegate.swift in Sources */,
				8BEBAD9B273EE23B00003914 /* SceneDelegate.swift in Sources */,
			);
			runOnlyForDeploymentPostprocessing = 0;
		};
		8BEBADA7273EE23C00003914 /* Sources */ = {
			isa = PBXSourcesBuildPhase;
			buildActionMask = 2147483647;
			files = (
				8BEBADB0273EE23C00003914 /* TipCalculatorTests.swift in Sources */,
			);
			runOnlyForDeploymentPostprocessing = 0;
		};
		8BEBADB2273EE23C00003914 /* Sources */ = {
			isa = PBXSourcesBuildPhase;
			buildActionMask = 2147483647;
			files = (
				8BEBADBB273EE23C00003914 /* TipCalculatorUITests.swift in Sources */,
			);
			runOnlyForDeploymentPostprocessing = 0;
		};
/* End PBXSourcesBuildPhase section */

/* Begin PBXTargetDependency section */
		8BEBADAD273EE23C00003914 /* PBXTargetDependency */ = {
			isa = PBXTargetDependency;
			target = 8BEBAD94273EE23B00003914 /* TipCalculator */;
			targetProxy = 8BEBADAC273EE23C00003914 /* PBXContainerItemProxy */;
		};
		8BEBADB8273EE23C00003914 /* PBXTargetDependency */ = {
			isa = PBXTargetDependency;
			target = 8BEBAD94273EE23B00003914 /* TipCalculator */;
			targetProxy = 8BEBADB7273EE23C00003914 /* PBXContainerItemProxy */;
		};
/* End PBXTargetDependency section */

/* Begin PBXVariantGroup section */
		8BEBAD9E273EE23B00003914 /* Main.storyboard */ = {
			isa = PBXVariantGroup;
			children = (
				8BEBAD9F273EE23B00003914 /* Base */,
			);
			name = Main.storyboard;
			sourceTree = "<group>";
		};
		8BEBADA3273EE23C00003914 /* LaunchScreen.storyboard */ = {
			isa = PBXVariantGroup;
			children = (
				8BEBADA4273EE23C00003914 /* Base */,
			);
			name = LaunchScreen.storyboard;
			sourceTree = "<group>";
		};
/* End PBXVariantGroup section */

/* Begin XCBuildConfiguration section */
		8BEBADBD273EE23C00003914 /* Debug */ = {
			isa = XCBuildConfiguration;
			buildSettings = {
				ALWAYS_SEARCH_USER_PATHS = NO;
				CLANG_ANALYZER_NONNULL = YES;
				CLANG_ANALYZER_NUMBER_OBJECT_CONVERSION = YES_AGGRESSIVE;
				CLANG_CXX_LANGUAGE_STANDARD = "gnu++14";
				CLANG_CXX_LIBRARY = "libc++";
				CLANG_ENABLE_MODULES = YES;
				CLANG_ENABLE_OBJC_ARC = YES;
				CLANG_ENABLE_OBJC_WEAK = YES;
				CLANG_WARN_BLOCK_CAPTURE_AUTORELEASING = YES;
				CLANG_WARN_BOOL_CONVERSION = YES;
				CLANG_WARN_COMMA = YES;
				CLANG_WARN_CONSTANT_CONVERSION = YES;
				CLANG_WARN_DEPRECATED_OBJC_IMPLEMENTATIONS = YES;
				CLANG_WARN_DIRECT_OBJC_ISA_USAGE = YES_ERROR;
				CLANG_WARN_DOCUMENTATION_COMMENTS = YES;
				CLANG_WARN_EMPTY_BODY = YES;
				CLANG_WARN_ENUM_CONVERSION = YES;
				CLANG_WARN_INFINITE_RECURSION = YES;
				CLANG_WARN_INT_CONVERSION = YES;
				CLANG_WARN_NON_LITERAL_NULL_CONVERSION = YES;
				CLANG_WARN_OBJC_IMPLICIT_RETAIN_SELF = YES;
				CLANG_WARN_OBJC_LITERAL_CONVERSION = YES;
				CLANG_WARN_OBJC_ROOT_CLASS = YES_ERROR;
				CLANG_WARN_QUOTED_INCLUDE_IN_FRAMEWORK_HEADER = YES;
				CLANG_WARN_RANGE_LOOP_ANALYSIS = YES;
				CLANG_WARN_STRICT_PROTOTYPES = YES;
				CLANG_WARN_SUSPICIOUS_MOVE = YES;
				CLANG_WARN_UNGUARDED_AVAILABILITY = YES_AGGRESSIVE;
				CLANG_WARN_UNREACHABLE_CODE = YES;
				CLANG_WARN__DUPLICATE_METHOD_MATCH = YES;
				COPY_PHASE_STRIP = NO;
				DEBUG_INFORMATION_FORMAT = dwarf;
				ENABLE_STRICT_OBJC_MSGSEND = YES;
				ENABLE_TESTABILITY = YES;
				GCC_C_LANGUAGE_STANDARD = gnu11;
				GCC_DYNAMIC_NO_PIC = NO;
				GCC_NO_COMMON_BLOCKS = YES;
				GCC_OPTIMIZATION_LEVEL = 0;
				GCC_PREPROCESSOR_DEFINITIONS = (
					"DEBUG=1",
					"$(inherited)",
				);
				GCC_WARN_64_TO_32_BIT_CONVERSION = YES;
				GCC_WARN_ABOUT_RETURN_TYPE = YES_ERROR;
				GCC_WARN_UNDECLARED_SELECTOR = YES;
				GCC_WARN_UNINITIALIZED_AUTOS = YES_AGGRESSIVE;
				GCC_WARN_UNUSED_FUNCTION = YES;
				GCC_WARN_UNUSED_VARIABLE = YES;
				IPHONEOS_DEPLOYMENT_TARGET = 14.4;
				MTL_ENABLE_DEBUG_INFO = INCLUDE_SOURCE;
				MTL_FAST_MATH = YES;
				ONLY_ACTIVE_ARCH = YES;
				SDKROOT = iphoneos;
				SWIFT_ACTIVE_COMPILATION_CONDITIONS = DEBUG;
				SWIFT_OPTIMIZATION_LEVEL = "-Onone";
			};
			name = Debug;
		};
		8BEBADBE273EE23C00003914 /* Release */ = {
			isa = XCBuildConfiguration;
			buildSettings = {
				ALWAYS_SEARCH_USER_PATHS = NO;
				CLANG_ANALYZER_NONNULL = YES;
				CLANG_ANALYZER_NUMBER_OBJECT_CONVERSION = YES_AGGRESSIVE;
				CLANG_CXX_LANGUAGE_STANDARD = "gnu++14";
				CLANG_CXX_LIBRARY = "libc++";
				CLANG_ENABLE_MODULES = YES;
				CLANG_ENABLE_OBJC_ARC = YES;
				CLANG_ENABLE_OBJC_WEAK = YES;
				CLANG_WARN_BLOCK_CAPTURE_AUTORELEASING = YES;
				CLANG_WARN_BOOL_CONVERSION = YES;
				CLANG_WARN_COMMA = YES;
				CLANG_WARN_CONSTANT_CONVERSION = YES;
				CLANG_WARN_DEPRECATED_OBJC_IMPLEMENTATIONS = YES;
				CLANG_WARN_DIRECT_OBJC_ISA_USAGE = YES_ERROR;
				CLANG_WARN_DOCUMENTATION_COMMENTS = YES;
				CLANG_WARN_EMPTY_BODY = YES;
				CLANG_WARN_ENUM_CONVERSION = YES;
				CLANG_WARN_INFINITE_RECURSION = YES;
				CLANG_WARN_INT_CONVERSION = YES;
				CLANG_WARN_NON_LITERAL_NULL_CONVERSION = YES;
				CLANG_WARN_OBJC_IMPLICIT_RETAIN_SELF = YES;
				CLANG_WARN_OBJC_LITERAL_CONVERSION = YES;
				CLANG_WARN_OBJC_ROOT_CLASS = YES_ERROR;
				CLANG_WARN_QUOTED_INCLUDE_IN_FRAMEWORK_HEADER = YES;
				CLANG_WARN_RANGE_LOOP_ANALYSIS = YES;
				CLANG_WARN_STRICT_PROTOTYPES = YES;
				CLANG_WARN_SUSPICIOUS_MOVE = YES;
				CLANG_WARN_UNGUARDED_AVAILABILITY = YES_AGGRESSIVE;
				CLANG_WARN_UNREACHABLE_CODE = YES;
				CLANG_WARN__DUPLICATE_METHOD_MATCH = YES;
				COPY_PHASE_STRIP = NO;
				DEBUG_INFORMATION_FORMAT = "dwarf-with-dsym";
				ENABLE_NS_ASSERTIONS = NO;
				ENABLE_STRICT_OBJC_MSGSEND = YES;
				GCC_C_LANGUAGE_STANDARD = gnu11;
				GCC_NO_COMMON_BLOCKS = YES;
				GCC_WARN_64_TO_32_BIT_CONVERSION = YES;
				GCC_WARN_ABOUT_RETURN_TYPE = YES_ERROR;
				GCC_WARN_UNDECLARED_SELECTOR = YES;
				GCC_WARN_UNINITIALIZED_AUTOS = YES_AGGRESSIVE;
				GCC_WARN_UNUSED_FUNCTION = YES;
				GCC_WARN_UNUSED_VARIABLE = YES;
				IPHONEOS_DEPLOYMENT_TARGET = 14.4;
				MTL_ENABLE_DEBUG_INFO = NO;
				MTL_FAST_MATH = YES;
				SDKROOT = iphoneos;
				SWIFT_COMPILATION_MODE = wholemodule;
				SWIFT_OPTIMIZATION_LEVEL = "-O";
				VALIDATE_PRODUCT = YES;
			};
			name = Release;
		};
		8BEBADC0273EE23C00003914 /* Debug */ = {
			isa = XCBuildConfiguration;
			buildSettings = {
				ASSETCATALOG_COMPILER_APPICON_NAME = AppIcon;
				ASSETCATALOG_COMPILER_GLOBAL_ACCENT_COLOR_NAME = AccentColor;
				CODE_SIGN_STYLE = Automatic;
				INFOPLIST_FILE = TipCalculator/Info.plist;
				LD_RUNPATH_SEARCH_PATHS = (
					"$(inherited)",
					"@executable_path/Frameworks",
				);
				PRODUCT_BUNDLE_IDENTIFIER = Vamsi.TipCalculator;
				PRODUCT_NAME = "$(TARGET_NAME)";
				SWIFT_VERSION = 5.0;
				TARGETED_DEVICE_FAMILY = "1,2";
			};
			name = Debug;
		};
		8BEBADC1273EE23C00003914 /* Release */ = {
			isa = XCBuildConfiguration;
			buildSettings = {
				ASSETCATALOG_COMPILER_APPICON_NAME = AppIcon;
				ASSETCATALOG_COMPILER_GLOBAL_ACCENT_COLOR_NAME = AccentColor;
				CODE_SIGN_STYLE = Automatic;
				INFOPLIST_FILE = TipCalculator/Info.plist;
				LD_RUNPATH_SEARCH_PATHS = (
					"$(inherited)",
					"@executable_path/Frameworks",
				);
				PRODUCT_BUNDLE_IDENTIFIER = Vamsi.TipCalculator;
				PRODUCT_NAME = "$(TARGET_NAME)";
				SWIFT_VERSION = 5.0;
				TARGETED_DEVICE_FAMILY = "1,2";
			};
			name = Release;
		};
		8BEBADC3273EE23C00003914 /* Debug */ = {
			isa = XCBuildConfiguration;
			buildSettings = {
				ALWAYS_EMBED_SWIFT_STANDARD_LIBRARIES = YES;
				BUNDLE_LOADER = "$(TEST_HOST)";
				CODE_SIGN_STYLE = Automatic;
				INFOPLIST_FILE = TipCalculatorTests/Info.plist;
				IPHONEOS_DEPLOYMENT_TARGET = 14.4;
				LD_RUNPATH_SEARCH_PATHS = (
					"$(inherited)",
					"@executable_path/Frameworks",
					"@loader_path/Frameworks",
				);
				PRODUCT_BUNDLE_IDENTIFIER = Vamsi.TipCalculatorTests;
				PRODUCT_NAME = "$(TARGET_NAME)";
				SWIFT_VERSION = 5.0;
				TARGETED_DEVICE_FAMILY = "1,2";
				TEST_HOST = "$(BUILT_PRODUCTS_DIR)/TipCalculator.app/TipCalculator";
			};
			name = Debug;
		};
		8BEBADC4273EE23C00003914 /* Release */ = {
			isa = XCBuildConfiguration;
			buildSettings = {
				ALWAYS_EMBED_SWIFT_STANDARD_LIBRARIES = YES;
				BUNDLE_LOADER = "$(TEST_HOST)";
				CODE_SIGN_STYLE = Automatic;
				INFOPLIST_FILE = TipCalculatorTests/Info.plist;
				IPHONEOS_DEPLOYMENT_TARGET = 14.4;
				LD_RUNPATH_SEARCH_PATHS = (
					"$(inherited)",
					"@executable_path/Frameworks",
					"@loader_path/Frameworks",
				);
				PRODUCT_BUNDLE_IDENTIFIER = Vamsi.TipCalculatorTests;
				PRODUCT_NAME = "$(TARGET_NAME)";
				SWIFT_VERSION = 5.0;
				TARGETED_DEVICE_FAMILY = "1,2";
				TEST_HOST = "$(BUILT_PRODUCTS_DIR)/TipCalculator.app/TipCalculator";
			};
			name = Release;
		};
		8BEBADC6273EE23C00003914 /* Debug */ = {
			isa = XCBuildConfiguration;
			buildSettings = {
				ALWAYS_EMBED_SWIFT_STANDARD_LIBRARIES = YES;
				CODE_SIGN_STYLE = Automatic;
				INFOPLIST_FILE = TipCalculatorUITests/Info.plist;
				LD_RUNPATH_SEARCH_PATHS = (
					"$(inherited)",
					"@executable_path/Frameworks",
					"@loader_path/Frameworks",
				);
				PRODUCT_BUNDLE_IDENTIFIER = Vamsi.TipCalculatorUITests;
				PRODUCT_NAME = "$(TARGET_NAME)";
				SWIFT_VERSION = 5.0;
				TARGETED_DEVICE_FAMILY = "1,2";
				TEST_TARGET_NAME = TipCalculator;
			};
			name = Debug;
		};
		8BEBADC7273EE23C00003914 /* Release */ = {
			isa = XCBuildConfiguration;
			buildSettings = {
				ALWAYS_EMBED_SWIFT_STANDARD_LIBRARIES = YES;
				CODE_SIGN_STYLE = Automatic;
				INFOPLIST_FILE = TipCalculatorUITests/Info.plist;
				LD_RUNPATH_SEARCH_PATHS = (
					"$(inherited)",
					"@executable_path/Frameworks",
					"@loader_path/Frameworks",
				);
				PRODUCT_BUNDLE_IDENTIFIER = Vamsi.TipCalculatorUITests;
				PRODUCT_NAME = "$(TARGET_NAME)";
				SWIFT_VERSION = 5.0;
				TARGETED_DEVICE_FAMILY = "1,2";
				TEST_TARGET_NAME = TipCalculator;
			};
			name = Release;
		};
/* End XCBuildConfiguration section */

/* Begin XCConfigurationList section */
		8BEBAD90273EE23B00003914 /* Build configuration list for PBXProject "TipCalculator" */ = {
			isa = XCConfigurationList;
			buildConfigurations = (
				8BEBADBD273EE23C00003914 /* Debug */,
				8BEBADBE273EE23C00003914 /* Release */,
			);
			defaultConfigurationIsVisible = 0;
			defaultConfigurationName = Release;
		};
		8BEBADBF273EE23C00003914 /* Build configuration list for PBXNativeTarget "TipCalculator" */ = {
			isa = XCConfigurationList;
			buildConfigurations = (
				8BEBADC0273EE23C00003914 /* Debug */,
				8BEBADC1273EE23C00003914 /* Release */,
			);
			defaultConfigurationIsVisible = 0;
			defaultConfigurationName = Release;
		};
		8BEBADC2273EE23C00003914 /* Build configuration list for PBXNativeTarget "TipCalculatorTests" */ = {
			isa = XCConfigurationList;
			buildConfigurations = (
				8BEBADC3273EE23C00003914 /* Debug */,
				8BEBADC4273EE23C00003914 /* Release */,
			);
			defaultConfigurationIsVisible = 0;
			defaultConfigurationName = Release;
		};
		8BEBADC5273EE23C00003914 /* Build configuration list for PBXNativeTarget "TipCalculatorUITests" */ = {
			isa = XCConfigurationList;
			buildConfigurations = (
				8BEBADC6273EE23C00003914 /* Debug */,
				8BEBADC7273EE23C00003914 /* Release */,
			);
			defaultConfigurationIsVisible = 0;
			defaultConfigurationName = Release;
		};
/* End XCConfigurationList section */
	};
	rootObject = 8BEBAD8D273EE23B00003914 /* Project object */;
}
