// !$*UTF8*$!
{
	archiveVersion = 1;
	classes = {
	};
	objectVersion = 50;
	objects = {

/* Begin PBXBuildFile section */
		8B1422BF279093A70059D893 /* AppDelegate.swift in Sources */ = {isa = PBXBuildFile; fileRef = 8B1422BE279093A70059D893 /* AppDelegate.swift */; };
		8B1422C1279093A70059D893 /* SceneDelegate.swift in Sources */ = {isa = PBXBuildFile; fileRef = 8B1422C0279093A70059D893 /* SceneDelegate.swift */; };
		8B1422C3279093A70059D893 /* ViewController.swift in Sources */ = {isa = PBXBuildFile; fileRef = 8B1422C2279093A70059D893 /* ViewController.swift */; };
		8B1422C6279093A70059D893 /* Main.storyboard in Resources */ = {isa = PBXBuildFile; fileRef = 8B1422C4279093A70059D893 /* Main.storyboard */; };
		8B1422C8279093A80059D893 /* Assets.xcassets in Resources */ = {isa = PBXBuildFile; fileRef = 8B1422C7279093A80059D893 /* Assets.xcassets */; };
		8B1422CB279093A80059D893 /* LaunchScreen.storyboard in Resources */ = {isa = PBXBuildFile; fileRef = 8B1422C9279093A80059D893 /* LaunchScreen.storyboard */; };
		8B1422D6279093A80059D893 /* VoluntrackerTests.swift in Sources */ = {isa = PBXBuildFile; fileRef = 8B1422D5279093A80059D893 /* VoluntrackerTests.swift */; };
		8B1422E1279093A80059D893 /* VoluntrackerUITests.swift in Sources */ = {isa = PBXBuildFile; fileRef = 8B1422E0279093A80059D893 /* VoluntrackerUITests.swift */; };
		8B1422F327909BF10059D893 /* LadningPage.swift in Sources */ = {isa = PBXBuildFile; fileRef = 8B1422F227909BF10059D893 /* LadningPage.swift */; };
		8B30113F279729790080757B /* CreateAccountVC.swift in Sources */ = {isa = PBXBuildFile; fileRef = 8B30113E279729790080757B /* CreateAccountVC.swift */; };
		8B301144279733060080757B /* Account.swift in Sources */ = {isa = PBXBuildFile; fileRef = 8B301143279733060080757B /* Account.swift */; };
/* End PBXBuildFile section */

/* Begin PBXContainerItemProxy section */
		8B1422D2279093A80059D893 /* PBXContainerItemProxy */ = {
			isa = PBXContainerItemProxy;
			containerPortal = 8B1422B3279093A70059D893 /* Project object */;
			proxyType = 1;
			remoteGlobalIDString = 8B1422BA279093A70059D893;
			remoteInfo = Voluntracker;
		};
		8B1422DD279093A80059D893 /* PBXContainerItemProxy */ = {
			isa = PBXContainerItemProxy;
			containerPortal = 8B1422B3279093A70059D893 /* Project object */;
			proxyType = 1;
			remoteGlobalIDString = 8B1422BA279093A70059D893;
			remoteInfo = Voluntracker;
		};
/* End PBXContainerItemProxy section */

/* Begin PBXFileReference section */
		8B1422BB279093A70059D893 /* Voluntracker.app */ = {isa = PBXFileReference; explicitFileType = wrapper.application; includeInIndex = 0; path = Voluntracker.app; sourceTree = BUILT_PRODUCTS_DIR; };
		8B1422BE279093A70059D893 /* AppDelegate.swift */ = {isa = PBXFileReference; lastKnownFileType = sourcecode.swift; path = AppDelegate.swift; sourceTree = "<group>"; };
		8B1422C0279093A70059D893 /* SceneDelegate.swift */ = {isa = PBXFileReference; lastKnownFileType = sourcecode.swift; path = SceneDelegate.swift; sourceTree = "<group>"; };
		8B1422C2279093A70059D893 /* ViewController.swift */ = {isa = PBXFileReference; lastKnownFileType = sourcecode.swift; path = ViewController.swift; sourceTree = "<group>"; };
		8B1422C5279093A70059D893 /* Base */ = {isa = PBXFileReference; lastKnownFileType = file.storyboard; name = Base; path = Base.lproj/Main.storyboard; sourceTree = "<group>"; };
		8B1422C7279093A80059D893 /* Assets.xcassets */ = {isa = PBXFileReference; lastKnownFileType = folder.assetcatalog; path = Assets.xcassets; sourceTree = "<group>"; };
		8B1422CA279093A80059D893 /* Base */ = {isa = PBXFileReference; lastKnownFileType = file.storyboard; name = Base; path = Base.lproj/LaunchScreen.storyboard; sourceTree = "<group>"; };
		8B1422CC279093A80059D893 /* Info.plist */ = {isa = PBXFileReference; lastKnownFileType = text.plist.xml; path = Info.plist; sourceTree = "<group>"; };
		8B1422D1279093A80059D893 /* VoluntrackerTests.xctest */ = {isa = PBXFileReference; explicitFileType = wrapper.cfbundle; includeInIndex = 0; path = VoluntrackerTests.xctest; sourceTree = BUILT_PRODUCTS_DIR; };
		8B1422D5279093A80059D893 /* VoluntrackerTests.swift */ = {isa = PBXFileReference; lastKnownFileType = sourcecode.swift; path = VoluntrackerTests.swift; sourceTree = "<group>"; };
		8B1422D7279093A80059D893 /* Info.plist */ = {isa = PBXFileReference; lastKnownFileType = text.plist.xml; path = Info.plist; sourceTree = "<group>"; };
		8B1422DC279093A80059D893 /* VoluntrackerUITests.xctest */ = {isa = PBXFileReference; explicitFileType = wrapper.cfbundle; includeInIndex = 0; path = VoluntrackerUITests.xctest; sourceTree = BUILT_PRODUCTS_DIR; };
		8B1422E0279093A80059D893 /* VoluntrackerUITests.swift */ = {isa = PBXFileReference; lastKnownFileType = sourcecode.swift; path = VoluntrackerUITests.swift; sourceTree = "<group>"; };
		8B1422E2279093A80059D893 /* Info.plist */ = {isa = PBXFileReference; lastKnownFileType = text.plist.xml; path = Info.plist; sourceTree = "<group>"; };
		8B1422F227909BF10059D893 /* LadningPage.swift */ = {isa = PBXFileReference; lastKnownFileType = sourcecode.swift; path = LadningPage.swift; sourceTree = "<group>"; };
		8B30113E279729790080757B /* CreateAccountVC.swift */ = {isa = PBXFileReference; lastKnownFileType = sourcecode.swift; path = CreateAccountVC.swift; sourceTree = "<group>"; };
		8B301143279733060080757B /* Account.swift */ = {isa = PBXFileReference; lastKnownFileType = sourcecode.swift; path = Account.swift; sourceTree = "<group>"; };
/* End PBXFileReference section */

/* Begin PBXFrameworksBuildPhase section */
		8B1422B8279093A70059D893 /* Frameworks */ = {
			isa = PBXFrameworksBuildPhase;
			buildActionMask = 2147483647;
			files = (
			);
			runOnlyForDeploymentPostprocessing = 0;
		};
		8B1422CE279093A80059D893 /* Frameworks */ = {
			isa = PBXFrameworksBuildPhase;
			buildActionMask = 2147483647;
			files = (
			);
			runOnlyForDeploymentPostprocessing = 0;
		};
		8B1422D9279093A80059D893 /* Frameworks */ = {
			isa = PBXFrameworksBuildPhase;
			buildActionMask = 2147483647;
			files = (
			);
			runOnlyForDeploymentPostprocessing = 0;
		};
/* End PBXFrameworksBuildPhase section */

/* Begin PBXGroup section */
		8B1422B2279093A70059D893 = {
			isa = PBXGroup;
			children = (
				8B1422BD279093A70059D893 /* Voluntracker */,
				8B1422D4279093A80059D893 /* VoluntrackerTests */,
				8B1422DF279093A80059D893 /* VoluntrackerUITests */,
				8B1422BC279093A70059D893 /* Products */,
			);
			sourceTree = "<group>";
		};
		8B1422BC279093A70059D893 /* Products */ = {
			isa = PBXGroup;
			children = (
				8B1422BB279093A70059D893 /* Voluntracker.app */,
				8B1422D1279093A80059D893 /* VoluntrackerTests.xctest */,
				8B1422DC279093A80059D893 /* VoluntrackerUITests.xctest */,
			);
			name = Products;
			sourceTree = "<group>";
		};
		8B1422BD279093A70059D893 /* Voluntracker */ = {
			isa = PBXGroup;
			children = (
				8B1422BE279093A70059D893 /* AppDelegate.swift */,
				8B1422C0279093A70059D893 /* SceneDelegate.swift */,
				8B301143279733060080757B /* Account.swift */,
				8B1422F127909BDE0059D893 /* VCs */,
				8B1422C4279093A70059D893 /* Main.storyboard */,
				8B1422C7279093A80059D893 /* Assets.xcassets */,
				8B1422C9279093A80059D893 /* LaunchScreen.storyboard */,
				8B1422CC279093A80059D893 /* Info.plist */,
			);
			path = Voluntracker;
			sourceTree = "<group>";
		};
		8B1422D4279093A80059D893 /* VoluntrackerTests */ = {
			isa = PBXGroup;
			children = (
				8B1422D5279093A80059D893 /* VoluntrackerTests.swift */,
				8B1422D7279093A80059D893 /* Info.plist */,
			);
			path = VoluntrackerTests;
			sourceTree = "<group>";
		};
		8B1422DF279093A80059D893 /* VoluntrackerUITests */ = {
			isa = PBXGroup;
			children = (
				8B1422E0279093A80059D893 /* VoluntrackerUITests.swift */,
				8B1422E2279093A80059D893 /* Info.plist */,
			);
			path = VoluntrackerUITests;
			sourceTree = "<group>";
		};
		8B1422F127909BDE0059D893 /* VCs */ = {
			isa = PBXGroup;
			children = (
				8B1422C2279093A70059D893 /* ViewController.swift */,
				8B1422F227909BF10059D893 /* LadningPage.swift */,
				8B30113E279729790080757B /* CreateAccountVC.swift */,
			);
			path = VCs;
			sourceTree = "<group>";
		};
/* End PBXGroup section */

/* Begin PBXNativeTarget section */
		8B1422BA279093A70059D893 /* Voluntracker */ = {
			isa = PBXNativeTarget;
			buildConfigurationList = 8B1422E5279093A80059D893 /* Build configuration list for PBXNativeTarget "Voluntracker" */;
			buildPhases = (
				8B1422B7279093A70059D893 /* Sources */,
				8B1422B8279093A70059D893 /* Frameworks */,
				8B1422B9279093A70059D893 /* Resources */,
			);
			buildRules = (
			);
			dependencies = (
			);
			name = Voluntracker;
			productName = Voluntracker;
			productReference = 8B1422BB279093A70059D893 /* Voluntracker.app */;
			productType = "com.apple.product-type.application";
		};
		8B1422D0279093A80059D893 /* VoluntrackerTests */ = {
			isa = PBXNativeTarget;
			buildConfigurationList = 8B1422E8279093A80059D893 /* Build configuration list for PBXNativeTarget "VoluntrackerTests" */;
			buildPhases = (
				8B1422CD279093A80059D893 /* Sources */,
				8B1422CE279093A80059D893 /* Frameworks */,
				8B1422CF279093A80059D893 /* Resources */,
			);
			buildRules = (
			);
			dependencies = (
				8B1422D3279093A80059D893 /* PBXTargetDependency */,
			);
			name = VoluntrackerTests;
			productName = VoluntrackerTests;
			productReference = 8B1422D1279093A80059D893 /* VoluntrackerTests.xctest */;
			productType = "com.apple.product-type.bundle.unit-test";
		};
		8B1422DB279093A80059D893 /* VoluntrackerUITests */ = {
			isa = PBXNativeTarget;
			buildConfigurationList = 8B1422EB279093A80059D893 /* Build configuration list for PBXNativeTarget "VoluntrackerUITests" */;
			buildPhases = (
				8B1422D8279093A80059D893 /* Sources */,
				8B1422D9279093A80059D893 /* Frameworks */,
				8B1422DA279093A80059D893 /* Resources */,
			);
			buildRules = (
			);
			dependencies = (
				8B1422DE279093A80059D893 /* PBXTargetDependency */,
			);
			name = VoluntrackerUITests;
			productName = VoluntrackerUITests;
			productReference = 8B1422DC279093A80059D893 /* VoluntrackerUITests.xctest */;
			productType = "com.apple.product-type.bundle.ui-testing";
		};
/* End PBXNativeTarget section */

/* Begin PBXProject section */
		8B1422B3279093A70059D893 /* Project object */ = {
			isa = PBXProject;
			attributes = {
				LastSwiftUpdateCheck = 1240;
				LastUpgradeCheck = 1240;
				TargetAttributes = {
					8B1422BA279093A70059D893 = {
						CreatedOnToolsVersion = 12.4;
					};
					8B1422D0279093A80059D893 = {
						CreatedOnToolsVersion = 12.4;
						TestTargetID = 8B1422BA279093A70059D893;
					};
					8B1422DB279093A80059D893 = {
						CreatedOnToolsVersion = 12.4;
						TestTargetID = 8B1422BA279093A70059D893;
					};
				};
			};
			buildConfigurationList = 8B1422B6279093A70059D893 /* Build configuration list for PBXProject "Voluntracker" */;
			compatibilityVersion = "Xcode 9.3";
			developmentRegion = en;
			hasScannedForEncodings = 0;
			knownRegions = (
				en,
				Base,
			);
			mainGroup = 8B1422B2279093A70059D893;
			productRefGroup = 8B1422BC279093A70059D893 /* Products */;
			projectDirPath = "";
			projectRoot = "";
			targets = (
				8B1422BA279093A70059D893 /* Voluntracker */,
				8B1422D0279093A80059D893 /* VoluntrackerTests */,
				8B1422DB279093A80059D893 /* VoluntrackerUITests */,
			);
		};
/* End PBXProject section */

/* Begin PBXResourcesBuildPhase section */
		8B1422B9279093A70059D893 /* Resources */ = {
			isa = PBXResourcesBuildPhase;
			buildActionMask = 2147483647;
			files = (
				8B1422CB279093A80059D893 /* LaunchScreen.storyboard in Resources */,
				8B1422C8279093A80059D893 /* Assets.xcassets in Resources */,
				8B1422C6279093A70059D893 /* Main.storyboard in Resources */,
			);
			runOnlyForDeploymentPostprocessing = 0;
		};
		8B1422CF279093A80059D893 /* Resources */ = {
			isa = PBXResourcesBuildPhase;
			buildActionMask = 2147483647;
			files = (
			);
			runOnlyForDeploymentPostprocessing = 0;
		};
		8B1422DA279093A80059D893 /* Resources */ = {
			isa = PBXResourcesBuildPhase;
			buildActionMask = 2147483647;
			files = (
			);
			runOnlyForDeploymentPostprocessing = 0;
		};
/* End PBXResourcesBuildPhase section */

/* Begin PBXSourcesBuildPhase section */
		8B1422B7279093A70059D893 /* Sources */ = {
			isa = PBXSourcesBuildPhase;
			buildActionMask = 2147483647;
			files = (
				8B1422C3279093A70059D893 /* ViewController.swift in Sources */,
				8B1422BF279093A70059D893 /* AppDelegate.swift in Sources */,
				8B1422F327909BF10059D893 /* LadningPage.swift in Sources */,
				8B30113F279729790080757B /* CreateAccountVC.swift in Sources */,
				8B1422C1279093A70059D893 /* SceneDelegate.swift in Sources */,
				8B301144279733060080757B /* Account.swift in Sources */,
			);
			runOnlyForDeploymentPostprocessing = 0;
		};
		8B1422CD279093A80059D893 /* Sources */ = {
			isa = PBXSourcesBuildPhase;
			buildActionMask = 2147483647;
			files = (
				8B1422D6279093A80059D893 /* VoluntrackerTests.swift in Sources */,
			);
			runOnlyForDeploymentPostprocessing = 0;
		};
		8B1422D8279093A80059D893 /* Sources */ = {
			isa = PBXSourcesBuildPhase;
			buildActionMask = 2147483647;
			files = (
				8B1422E1279093A80059D893 /* VoluntrackerUITests.swift in Sources */,
			);
			runOnlyForDeploymentPostprocessing = 0;
		};
/* End PBXSourcesBuildPhase section */

/* Begin PBXTargetDependency section */
		8B1422D3279093A80059D893 /* PBXTargetDependency */ = {
			isa = PBXTargetDependency;
			target = 8B1422BA279093A70059D893 /* Voluntracker */;
			targetProxy = 8B1422D2279093A80059D893 /* PBXContainerItemProxy */;
		};
		8B1422DE279093A80059D893 /* PBXTargetDependency */ = {
			isa = PBXTargetDependency;
			target = 8B1422BA279093A70059D893 /* Voluntracker */;
			targetProxy = 8B1422DD279093A80059D893 /* PBXContainerItemProxy */;
		};
/* End PBXTargetDependency section */

/* Begin PBXVariantGroup section */
		8B1422C4279093A70059D893 /* Main.storyboard */ = {
			isa = PBXVariantGroup;
			children = (
				8B1422C5279093A70059D893 /* Base */,
			);
			name = Main.storyboard;
			sourceTree = "<group>";
		};
		8B1422C9279093A80059D893 /* LaunchScreen.storyboard */ = {
			isa = PBXVariantGroup;
			children = (
				8B1422CA279093A80059D893 /* Base */,
			);
			name = LaunchScreen.storyboard;
			sourceTree = "<group>";
		};
/* End PBXVariantGroup section */

/* Begin XCBuildConfiguration section */
		8B1422E3279093A80059D893 /* Debug */ = {
			isa = XCBuildConfiguration;
			buildSettings = {
				ALWAYS_SEARCH_USER_PATHS = NO;
				CLANG_ANALYZER_NONNULL = YES;
				CLANG_ANALYZER_NUMBER_OBJECT_CONVERSION = YES_AGGRESSIVE;
				CLANG_CXX_LANGUAGE_STANDARD = "gnu++14";
				CLANG_CXX_LIBRARY = "libc++";
				CLANG_ENABLE_MODULES = YES;
				CLANG_ENABLE_OBJC_ARC = YES;
				CLANG_ENABLE_OBJC_WEAK = YES;
				CLANG_WARN_BLOCK_CAPTURE_AUTORELEASING = YES;
				CLANG_WARN_BOOL_CONVERSION = YES;
				CLANG_WARN_COMMA = YES;
				CLANG_WARN_CONSTANT_CONVERSION = YES;
				CLANG_WARN_DEPRECATED_OBJC_IMPLEMENTATIONS = YES;
				CLANG_WARN_DIRECT_OBJC_ISA_USAGE = YES_ERROR;
				CLANG_WARN_DOCUMENTATION_COMMENTS = YES;
				CLANG_WARN_EMPTY_BODY = YES;
				CLANG_WARN_ENUM_CONVERSION = YES;
				CLANG_WARN_INFINITE_RECURSION = YES;
				CLANG_WARN_INT_CONVERSION = YES;
				CLANG_WARN_NON_LITERAL_NULL_CONVERSION = YES;
				CLANG_WARN_OBJC_IMPLICIT_RETAIN_SELF = YES;
				CLANG_WARN_OBJC_LITERAL_CONVERSION = YES;
				CLANG_WARN_OBJC_ROOT_CLASS = YES_ERROR;
				CLANG_WARN_QUOTED_INCLUDE_IN_FRAMEWORK_HEADER = YES;
				CLANG_WARN_RANGE_LOOP_ANALYSIS = YES;
				CLANG_WARN_STRICT_PROTOTYPES = YES;
				CLANG_WARN_SUSPICIOUS_MOVE = YES;
				CLANG_WARN_UNGUARDED_AVAILABILITY = YES_AGGRESSIVE;
				CLANG_WARN_UNREACHABLE_CODE = YES;
				CLANG_WARN__DUPLICATE_METHOD_MATCH = YES;
				COPY_PHASE_STRIP = NO;
				DEBUG_INFORMATION_FORMAT = dwarf;
				ENABLE_STRICT_OBJC_MSGSEND = YES;
				ENABLE_TESTABILITY = YES;
				GCC_C_LANGUAGE_STANDARD = gnu11;
				GCC_DYNAMIC_NO_PIC = NO;
				GCC_NO_COMMON_BLOCKS = YES;
				GCC_OPTIMIZATION_LEVEL = 0;
				GCC_PREPROCESSOR_DEFINITIONS = (
					"DEBUG=1",
					"$(inherited)",
				);
				GCC_WARN_64_TO_32_BIT_CONVERSION = YES;
				GCC_WARN_ABOUT_RETURN_TYPE = YES_ERROR;
				GCC_WARN_UNDECLARED_SELECTOR = YES;
				GCC_WARN_UNINITIALIZED_AUTOS = YES_AGGRESSIVE;
				GCC_WARN_UNUSED_FUNCTION = YES;
				GCC_WARN_UNUSED_VARIABLE = YES;
				IPHONEOS_DEPLOYMENT_TARGET = 14.4;
				MTL_ENABLE_DEBUG_INFO = INCLUDE_SOURCE;
				MTL_FAST_MATH = YES;
				ONLY_ACTIVE_ARCH = YES;
				SDKROOT = iphoneos;
				SWIFT_ACTIVE_COMPILATION_CONDITIONS = DEBUG;
				SWIFT_OPTIMIZATION_LEVEL = "-Onone";
			};
			name = Debug;
		};
		8B1422E4279093A80059D893 /* Release */ = {
			isa = XCBuildConfiguration;
			buildSettings = {
				ALWAYS_SEARCH_USER_PATHS = NO;
				CLANG_ANALYZER_NONNULL = YES;
				CLANG_ANALYZER_NUMBER_OBJECT_CONVERSION = YES_AGGRESSIVE;
				CLANG_CXX_LANGUAGE_STANDARD = "gnu++14";
				CLANG_CXX_LIBRARY = "libc++";
				CLANG_ENABLE_MODULES = YES;
				CLANG_ENABLE_OBJC_ARC = YES;
				CLANG_ENABLE_OBJC_WEAK = YES;
				CLANG_WARN_BLOCK_CAPTURE_AUTORELEASING = YES;
				CLANG_WARN_BOOL_CONVERSION = YES;
				CLANG_WARN_COMMA = YES;
				CLANG_WARN_CONSTANT_CONVERSION = YES;
				CLANG_WARN_DEPRECATED_OBJC_IMPLEMENTATIONS = YES;
				CLANG_WARN_DIRECT_OBJC_ISA_USAGE = YES_ERROR;
				CLANG_WARN_DOCUMENTATION_COMMENTS = YES;
				CLANG_WARN_EMPTY_BODY = YES;
				CLANG_WARN_ENUM_CONVERSION = YES;
				CLANG_WARN_INFINITE_RECURSION = YES;
				CLANG_WARN_INT_CONVERSION = YES;
				CLANG_WARN_NON_LITERAL_NULL_CONVERSION = YES;
				CLANG_WARN_OBJC_IMPLICIT_RETAIN_SELF = YES;
				CLANG_WARN_OBJC_LITERAL_CONVERSION = YES;
				CLANG_WARN_OBJC_ROOT_CLASS = YES_ERROR;
				CLANG_WARN_QUOTED_INCLUDE_IN_FRAMEWORK_HEADER = YES;
				CLANG_WARN_RANGE_LOOP_ANALYSIS = YES;
				CLANG_WARN_STRICT_PROTOTYPES = YES;
				CLANG_WARN_SUSPICIOUS_MOVE = YES;
				CLANG_WARN_UNGUARDED_AVAILABILITY = YES_AGGRESSIVE;
				CLANG_WARN_UNREACHABLE_CODE = YES;
				CLANG_WARN__DUPLICATE_METHOD_MATCH = YES;
				COPY_PHASE_STRIP = NO;
				DEBUG_INFORMATION_FORMAT = "dwarf-with-dsym";
				ENABLE_NS_ASSERTIONS = NO;
				ENABLE_STRICT_OBJC_MSGSEND = YES;
				GCC_C_LANGUAGE_STANDARD = gnu11;
				GCC_NO_COMMON_BLOCKS = YES;
				GCC_WARN_64_TO_32_BIT_CONVERSION = YES;
				GCC_WARN_ABOUT_RETURN_TYPE = YES_ERROR;
				GCC_WARN_UNDECLARED_SELECTOR = YES;
				GCC_WARN_UNINITIALIZED_AUTOS = YES_AGGRESSIVE;
				GCC_WARN_UNUSED_FUNCTION = YES;
				GCC_WARN_UNUSED_VARIABLE = YES;
				IPHONEOS_DEPLOYMENT_TARGET = 14.4;
				MTL_ENABLE_DEBUG_INFO = NO;
				MTL_FAST_MATH = YES;
				SDKROOT = iphoneos;
				SWIFT_COMPILATION_MODE = wholemodule;
				SWIFT_OPTIMIZATION_LEVEL = "-O";
				VALIDATE_PRODUCT = YES;
			};
			name = Release;
		};
		8B1422E6279093A80059D893 /* Debug */ = {
			isa = XCBuildConfiguration;
			buildSettings = {
				ASSETCATALOG_COMPILER_APPICON_NAME = AppIcon;
				ASSETCATALOG_COMPILER_GLOBAL_ACCENT_COLOR_NAME = AccentColor;
				CODE_SIGN_STYLE = Automatic;
				INFOPLIST_FILE = Voluntracker/Info.plist;
				LD_RUNPATH_SEARCH_PATHS = (
					"$(inherited)",
					"@executable_path/Frameworks",
				);
				PRODUCT_BUNDLE_IDENTIFIER = Vamsi.Voluntracker;
				PRODUCT_NAME = "$(TARGET_NAME)";
				SWIFT_VERSION = 5.0;
				TARGETED_DEVICE_FAMILY = "1,2";
			};
			name = Debug;
		};
		8B1422E7279093A80059D893 /* Release */ = {
			isa = XCBuildConfiguration;
			buildSettings = {
				ASSETCATALOG_COMPILER_APPICON_NAME = AppIcon;
				ASSETCATALOG_COMPILER_GLOBAL_ACCENT_COLOR_NAME = AccentColor;
				CODE_SIGN_STYLE = Automatic;
				INFOPLIST_FILE = Voluntracker/Info.plist;
				LD_RUNPATH_SEARCH_PATHS = (
					"$(inherited)",
					"@executable_path/Frameworks",
				);
				PRODUCT_BUNDLE_IDENTIFIER = Vamsi.Voluntracker;
				PRODUCT_NAME = "$(TARGET_NAME)";
				SWIFT_VERSION = 5.0;
				TARGETED_DEVICE_FAMILY = "1,2";
			};
			name = Release;
		};
		8B1422E9279093A80059D893 /* Debug */ = {
			isa = XCBuildConfiguration;
			buildSettings = {
				ALWAYS_EMBED_SWIFT_STANDARD_LIBRARIES = YES;
				BUNDLE_LOADER = "$(TEST_HOST)";
				CODE_SIGN_STYLE = Automatic;
				INFOPLIST_FILE = VoluntrackerTests/Info.plist;
				IPHONEOS_DEPLOYMENT_TARGET = 14.4;
				LD_RUNPATH_SEARCH_PATHS = (
					"$(inherited)",
					"@executable_path/Frameworks",
					"@loader_path/Frameworks",
				);
				PRODUCT_BUNDLE_IDENTIFIER = Vamsi.VoluntrackerTests;
				PRODUCT_NAME = "$(TARGET_NAME)";
				SWIFT_VERSION = 5.0;
				TARGETED_DEVICE_FAMILY = "1,2";
				TEST_HOST = "$(BUILT_PRODUCTS_DIR)/Voluntracker.app/Voluntracker";
			};
			name = Debug;
		};
		8B1422EA279093A80059D893 /* Release */ = {
			isa = XCBuildConfiguration;
			buildSettings = {
				ALWAYS_EMBED_SWIFT_STANDARD_LIBRARIES = YES;
				BUNDLE_LOADER = "$(TEST_HOST)";
				CODE_SIGN_STYLE = Automatic;
				INFOPLIST_FILE = VoluntrackerTests/Info.plist;
				IPHONEOS_DEPLOYMENT_TARGET = 14.4;
				LD_RUNPATH_SEARCH_PATHS = (
					"$(inherited)",
					"@executable_path/Frameworks",
					"@loader_path/Frameworks",
				);
				PRODUCT_BUNDLE_IDENTIFIER = Vamsi.VoluntrackerTests;
				PRODUCT_NAME = "$(TARGET_NAME)";
				SWIFT_VERSION = 5.0;
				TARGETED_DEVICE_FAMILY = "1,2";
				TEST_HOST = "$(BUILT_PRODUCTS_DIR)/Voluntracker.app/Voluntracker";
			};
			name = Release;
		};
		8B1422EC279093A80059D893 /* Debug */ = {
			isa = XCBuildConfiguration;
			buildSettings = {
				ALWAYS_EMBED_SWIFT_STANDARD_LIBRARIES = YES;
				CODE_SIGN_STYLE = Automatic;
				INFOPLIST_FILE = VoluntrackerUITests/Info.plist;
				LD_RUNPATH_SEARCH_PATHS = (
					"$(inherited)",
					"@executable_path/Frameworks",
					"@loader_path/Frameworks",
				);
				PRODUCT_BUNDLE_IDENTIFIER = Vamsi.VoluntrackerUITests;
				PRODUCT_NAME = "$(TARGET_NAME)";
				SWIFT_VERSION = 5.0;
				TARGETED_DEVICE_FAMILY = "1,2";
				TEST_TARGET_NAME = Voluntracker;
			};
			name = Debug;
		};
		8B1422ED279093A80059D893 /* Release */ = {
			isa = XCBuildConfiguration;
			buildSettings = {
				ALWAYS_EMBED_SWIFT_STANDARD_LIBRARIES = YES;
				CODE_SIGN_STYLE = Automatic;
				INFOPLIST_FILE = VoluntrackerUITests/Info.plist;
				LD_RUNPATH_SEARCH_PATHS = (
					"$(inherited)",
					"@executable_path/Frameworks",
					"@loader_path/Frameworks",
				);
				PRODUCT_BUNDLE_IDENTIFIER = Vamsi.VoluntrackerUITests;
				PRODUCT_NAME = "$(TARGET_NAME)";
				SWIFT_VERSION = 5.0;
				TARGETED_DEVICE_FAMILY = "1,2";
				TEST_TARGET_NAME = Voluntracker;
			};
			name = Release;
		};
/* End XCBuildConfiguration section */

/* Begin XCConfigurationList section */
		8B1422B6279093A70059D893 /* Build configuration list for PBXProject "Voluntracker" */ = {
			isa = XCConfigurationList;
			buildConfigurations = (
				8B1422E3279093A80059D893 /* Debug */,
				8B1422E4279093A80059D893 /* Release */,
			);
			defaultConfigurationIsVisible = 0;
			defaultConfigurationName = Release;
		};
		8B1422E5279093A80059D893 /* Build configuration list for PBXNativeTarget "Voluntracker" */ = {
			isa = XCConfigurationList;
			buildConfigurations = (
				8B1422E6279093A80059D893 /* Debug */,
				8B1422E7279093A80059D893 /* Release */,
			);
			defaultConfigurationIsVisible = 0;
			defaultConfigurationName = Release;
		};
		8B1422E8279093A80059D893 /* Build configuration list for PBXNativeTarget "VoluntrackerTests" */ = {
			isa = XCConfigurationList;
			buildConfigurations = (
				8B1422E9279093A80059D893 /* Debug */,
				8B1422EA279093A80059D893 /* Release */,
			);
			defaultConfigurationIsVisible = 0;
			defaultConfigurationName = Release;
		};
		8B1422EB279093A80059D893 /* Build configuration list for PBXNativeTarget "VoluntrackerUITests" */ = {
			isa = XCConfigurationList;
			buildConfigurations = (
				8B1422EC279093A80059D893 /* Debug */,
				8B1422ED279093A80059D893 /* Release */,
			);
			defaultConfigurationIsVisible = 0;
			defaultConfigurationName = Release;
		};
/* End XCConfigurationList section */
	};
	rootObject = 8B1422B3279093A70059D893 /* Project object */;
}
